{
    "version": 3,
    "terraform_version": "0.11.9",
    "serial": 11,
    "lineage": "50fc107a-2e5a-2ee1-32d4-11088ee32be9",
    "modules": [
        {
            "path": [
                "root"
            ],
            "outputs": {
                "artifact_bucket": {
                    "sensitive": false,
                    "type": "string",
                    "value": "slalom-dev-examplea"
                }
            },
            "resources": {},
            "depends_on": []
        },
        {
            "path": [
                "root",
                "codebuild"
            ],
            "outputs": {
                "artifact_bucket": {
                    "sensitive": false,
                    "type": "string",
                    "value": "slalom-dev-examplea"
                },
                "codebuild_role": {
                    "sensitive": false,
                    "type": "string",
                    "value": "arn:aws:iam::216849691610:role/examplea-codebuild-role"
                },
                "codebuild_role_name": {
                    "sensitive": false,
                    "type": "string",
                    "value": "examplea-codebuild-role"
                }
            },
            "resources": {
                "aws_codebuild_project.build_project": {
                    "type": "aws_codebuild_project",
                    "depends_on": [
                        "aws_iam_role.codebuild_assume_role",
                        "aws_s3_bucket.artifacts"
                    ],
                    "primary": {
                        "id": "arn:aws:codebuild:eu-west-1:216849691610:project/exampleA-build",
                        "attributes": {
                            "arn": "arn:aws:codebuild:eu-west-1:216849691610:project/exampleA-build",
                            "artifacts.#": "1",
                            "artifacts.537882814.encryption_disabled": "false",
                            "artifacts.537882814.location": "slalom-dev-examplea.s3.amazonaws.com",
                            "artifacts.537882814.name": "exampleA",
                            "artifacts.537882814.namespace_type": "NONE",
                            "artifacts.537882814.packaging": "NONE",
                            "artifacts.537882814.path": "",
                            "artifacts.537882814.type": "S3",
                            "badge_enabled": "false",
                            "badge_url": "",
                            "build_timeout": "60",
                            "cache.#": "1",
                            "cache.0.location": "",
                            "cache.0.type": "NO_CACHE",
                            "description": "The CodeBuild project for code in exampleA",
                            "encryption_key": "arn:aws:kms:eu-west-1:216849691610:alias/aws/s3",
                            "environment.#": "1",
                            "environment.1509741452.certificate": "",
                            "environment.1509741452.compute_type": "BUILD_GENERAL1_SMALL",
                            "environment.1509741452.environment_variable.#": "0",
                            "environment.1509741452.image": "aws/codebuild/nodejs:6.3.1",
                            "environment.1509741452.privileged_mode": "false",
                            "environment.1509741452.type": "LINUX_CONTAINER",
                            "id": "arn:aws:codebuild:eu-west-1:216849691610:project/exampleA-build",
                            "name": "exampleA-build",
                            "secondary_artifacts.#": "0",
                            "secondary_sources.#": "0",
                            "service_role": "arn:aws:iam::216849691610:role/examplea-codebuild-role",
                            "source.#": "1",
                            "source.734358369.auth.#": "0",
                            "source.734358369.buildspec": "",
                            "source.734358369.git_clone_depth": "0",
                            "source.734358369.insecure_ssl": "false",
                            "source.734358369.location": "https://git-codecommit.eu-west-1.amazonaws.com/v1/repos/exampleA",
                            "source.734358369.report_build_status": "false",
                            "source.734358369.type": "CODECOMMIT",
                            "tags.%": "0",
                            "vpc_config.#": "0"
                        },
                        "meta": {},
                        "tainted": false
                    },
                    "deposed": [],
                    "provider": "provider.aws"
                },
                "aws_iam_role.codebuild": {
                    "type": "aws_iam_role",
                    "depends_on": [
                        "module.unique_label"
                    ],
                    "primary": {
                        "id": "examplea-codebuild-role",
                        "attributes": {
                            "arn": "arn:aws:iam::216849691610:role/examplea-codebuild-role",
                            "assume_role_policy": "{\"Version\":\"2012-10-17\",\"Statement\":[{\"Effect\":\"Allow\",\"Principal\":{\"Service\":\"codebuild.amazonaws.com\"},\"Action\":\"sts:AssumeRole\"}]}",
                            "create_date": "2018-12-11T16:05:34Z",
                            "description": "",
                            "force_detach_policies": "false",
                            "id": "examplea-codebuild-role",
                            "max_session_duration": "3600",
                            "name": "examplea-codebuild-role",
                            "path": "/",
                            "tags.%": "0",
                            "unique_id": "AROAJUSNAUN5VTJK7TNUY"
                        },
                        "meta": {},
                        "tainted": false
                    },
                    "deposed": [],
                    "provider": "provider.aws"
                },
                "aws_iam_role_policy.codebuild_policy": {
                    "type": "aws_iam_role_policy",
                    "depends_on": [
                        "aws_codebuild_project.build_project",
                        "aws_iam_role.codebuild_assume_role",
                        "module.unique_label"
                    ],
                    "primary": {
                        "id": "examplea-codebuild-role:examplea-codebuild-policy",
                        "attributes": {
                            "id": "examplea-codebuild-role:examplea-codebuild-policy",
                            "name": "examplea-codebuild-policy",
                            "policy": "{\n  \"Version\": \"2012-10-17\",\n  \"Statement\": [\n    {\n      \"Action\": [\n       \"s3:PutObject\",\n       \"s3:GetObject\",\n       \"s3:GetObjectVersion\",\n       \"s3:GetBucketVersioning\"\n      ],\n      \"Resource\": \"*\",\n      \"Effect\": \"Allow\"\n    },\n    {\n      \"Effect\": \"Allow\",\n      \"Resource\": [\n        \"arn:aws:codebuild:eu-west-1:216849691610:project/exampleA-build\"\n      ],\n      \"Action\": [\n        \"codebuild:*\"\n      ]\n    },\n    {\n      \"Effect\": \"Allow\",\n      \"Resource\": [\n        \"*\"\n      ],\n      \"Action\": [\n        \"logs:CreateLogGroup\",\n        \"logs:CreateLogStream\",\n        \"logs:PutLogEvents\"\n      ]\n    }\n  ]\n}\n",
                            "role": "examplea-codebuild-role"
                        },
                        "meta": {},
                        "tainted": false
                    },
                    "deposed": [],
                    "provider": "provider.aws"
                },
                "aws_s3_bucket.artifacts": {
                    "type": "aws_s3_bucket",
                    "depends_on": [
                        "module.unique_label"
                    ],
                    "primary": {
                        "id": "slalom-dev-examplea",
                        "attributes": {
                            "acceleration_status": "",
                            "acl": "private",
                            "arn": "arn:aws:s3:::slalom-dev-examplea",
                            "bucket": "slalom-dev-examplea",
                            "bucket_domain_name": "slalom-dev-examplea.s3.amazonaws.com",
                            "bucket_regional_domain_name": "slalom-dev-examplea.s3.eu-west-1.amazonaws.com",
                            "cors_rule.#": "0",
                            "force_destroy": "true",
                            "hosted_zone_id": "Z1BKCTXD74EZPE",
                            "id": "slalom-dev-examplea",
                            "lifecycle_rule.#": "0",
                            "logging.#": "0",
                            "region": "eu-west-1",
                            "replication_configuration.#": "0",
                            "request_payer": "BucketOwner",
                            "server_side_encryption_configuration.#": "0",
                            "tags.%": "0",
                            "versioning.#": "1",
                            "versioning.0.enabled": "false",
                            "versioning.0.mfa_delete": "false",
                            "website.#": "0"
                        },
                        "meta": {},
                        "tainted": false
                    },
                    "deposed": [],
                    "provider": "provider.aws"
                },
                "data.aws_iam_policy_document.codebuild_policy": {
                    "type": "aws_iam_policy_document",
                    "depends_on": [
                        "aws_codebuild_project.build_project"
                    ],
                    "primary": {
                        "id": "4100040261",
                        "attributes": {
                            "id": "4100040261",
                            "json": "{\n  \"Version\": \"2012-10-17\",\n  \"Statement\": [\n    {\n      \"Sid\": \"1\",\n      \"Effect\": \"Allow\",\n      \"Action\": [\n        \"s3:ListAllMyBuckets\",\n        \"s3:GetBucketLocation\"\n      ],\n      \"Resource\": \"arn:aws:s3:::*\"\n    },\n    {\n      \"Sid\": \"\",\n      \"Effect\": \"Allow\",\n      \"Action\": [\n        \"s3:PutObject\",\n        \"s3:GetObjectVersion\",\n        \"s3:GetObject\",\n        \"s3:GetBucketVersioning\"\n      ],\n      \"Resource\": \"*\"\n    },\n    {\n      \"Sid\": \"\",\n      \"Effect\": \"Allow\",\n      \"Action\": \"codebuild:*\",\n      \"Resource\": \"arn:aws:codebuild:eu-west-1:216849691610:project/exampleA-build\"\n    },\n    {\n      \"Sid\": \"\",\n      \"Effect\": \"Allow\",\n      \"Action\": [\n        \"logs:PutLogEvents\",\n        \"logs:CreateLogStream\",\n        \"logs:CreateLogGroup\"\n      ],\n      \"Resource\": \"*\"\n    }\n  ]\n}",
                            "statement.#": "4",
                            "statement.0.actions.#": "2",
                            "statement.0.actions.3948445924": "s3:GetBucketLocation",
                            "statement.0.actions.796062918": "s3:ListAllMyBuckets",
                            "statement.0.condition.#": "0",
                            "statement.0.effect": "Allow",
                            "statement.0.not_actions.#": "0",
                            "statement.0.not_principals.#": "0",
                            "statement.0.not_resources.#": "0",
                            "statement.0.principals.#": "0",
                            "statement.0.resources.#": "1",
                            "statement.0.resources.2835728174": "arn:aws:s3:::*",
                            "statement.0.sid": "1",
                            "statement.1.actions.#": "4",
                            "statement.1.actions.2071725391": "s3:GetObject",
                            "statement.1.actions.315547055": "s3:PutObject",
                            "statement.1.actions.3372930952": "s3:GetBucketVersioning",
                            "statement.1.actions.3671464554": "s3:GetObjectVersion",
                            "statement.1.condition.#": "0",
                            "statement.1.effect": "Allow",
                            "statement.1.not_actions.#": "0",
                            "statement.1.not_principals.#": "0",
                            "statement.1.not_resources.#": "0",
                            "statement.1.principals.#": "0",
                            "statement.1.resources.#": "1",
                            "statement.1.resources.2679715827": "*",
                            "statement.1.sid": "",
                            "statement.2.actions.#": "1",
                            "statement.2.actions.900907778": "codebuild:*",
                            "statement.2.condition.#": "0",
                            "statement.2.effect": "Allow",
                            "statement.2.not_actions.#": "0",
                            "statement.2.not_principals.#": "0",
                            "statement.2.not_resources.#": "0",
                            "statement.2.principals.#": "0",
                            "statement.2.resources.#": "1",
                            "statement.2.resources.372633371": "arn:aws:codebuild:eu-west-1:216849691610:project/exampleA-build",
                            "statement.2.sid": "",
                            "statement.3.actions.#": "3",
                            "statement.3.actions.2809485102": "logs:CreateLogGroup",
                            "statement.3.actions.3285979848": "logs:CreateLogStream",
                            "statement.3.actions.39743051": "logs:PutLogEvents",
                            "statement.3.condition.#": "0",
                            "statement.3.effect": "Allow",
                            "statement.3.not_actions.#": "0",
                            "statement.3.not_principals.#": "0",
                            "statement.3.not_resources.#": "0",
                            "statement.3.principals.#": "0",
                            "statement.3.resources.#": "1",
                            "statement.3.resources.2679715827": "*",
                            "statement.3.sid": ""
                        },
                        "meta": {},
                        "tainted": false
                    },
                    "deposed": [],
                    "provider": "provider.aws"
                }
            },
            "depends_on": []
        },
        {
            "path": [
                "root",
                "codebuild",
                "unique_label"
            ],
            "outputs": {
                "attributes": {
                    "sensitive": false,
                    "type": "string",
                    "value": ""
                },
                "id": {
                    "sensitive": false,
                    "type": "string",
                    "value": "slalom-dev-examplea"
                },
                "name": {
                    "sensitive": false,
                    "type": "string",
                    "value": "examplea"
                },
                "namespace": {
                    "sensitive": false,
                    "type": "string",
                    "value": "slalom"
                },
                "stage": {
                    "sensitive": false,
                    "type": "string",
                    "value": "dev"
                },
                "tags": {
                    "sensitive": false,
                    "type": "map",
                    "value": {
                        "Name": "slalom-dev-examplea",
                        "Namespace": "slalom",
                        "Stage": "dev"
                    }
                }
            },
            "resources": {
                "null_resource.default": {
                    "type": "null_resource",
                    "depends_on": [],
                    "primary": {
                        "id": "6167753868416270385",
                        "attributes": {
                            "id": "6167753868416270385",
                            "triggers.%": "5",
                            "triggers.attributes": "",
                            "triggers.id": "slalom-dev-examplea",
                            "triggers.name": "examplea",
                            "triggers.namespace": "slalom",
                            "triggers.stage": "dev"
                        },
                        "meta": {},
                        "tainted": false
                    },
                    "deposed": [],
                    "provider": "provider.null"
                }
            },
            "depends_on": []
        }
    ]
}
